
Microsoft Visual Studio Solution File, Format Version 12.00
# Visual Studio Version 16
VisualStudioVersion = 16.0.30011.22
MinimumVisualStudioVersion = 10.0.40219.1
Project("{FAE04EC0-301F-11D3-BF4B-00C04F79EFBC}") = "DemoAPI", "DemoAPI.csproj", "{9ADFE335-1513-4CF7-873A-6921A02A9CB2}"
EndProject
Global
	GlobalSection(SolutionConfigurationPlatforms) = preSolution
		Debug|Any CPU = Debug|Any CPU
		Release|Any CPU = Release|Any CPU
	EndGlobalSection
	GlobalSection(ProjectConfigurationPlatforms) = postSolution
		{9ADFE335-1513-4CF7-873A-6921A02A9CB2}.Debug|Any CPU.ActiveCfg = Debug|Any CPU
		{9ADFE335-1513-4CF7-873A-6921A02A9CB2}.Debug|Any CPU.Build.0 = Debug|Any CPU
		{9ADFE335-1513-4CF7-873A-6921A02A9CB2}.Release|Any CPU.ActiveCfg = Release|Any CPU
		{9ADFE335-1513-4CF7-873A-6921A02A9CB2}.Release|Any CPU.Build.0 = Release|Any CPU
	EndGlobalSection
	GlobalSection(SolutionProperties) = preSolution
		HideSolutionNode = FALSE
	EndGlobalSection
	GlobalSection(ExtensibilityGlobals) = postSolution
		SolutionGuid = {A0EDD781-76CC-4D8A-BE3F-50347761995E}
	EndGlobalSection
EndGlobal
