
Microsoft Visual Studio Solution File, Format Version 12.00
# Visual Studio Version 16
VisualStudioVersion = 16.0.29509.3
MinimumVisualStudioVersion = 10.0.40219.1
Project("{9A19103F-16F7-4668-BE54-9A1E7A4F7556}") = "sol-dbaas-jit-webapp", "sol-dbaas-jit-webapp\sol-dbaas-jit-webapp.csproj", "{484C8CEB-358F-4BB4-B63F-371A4E219000}"
EndProject
Project("{9A19103F-16F7-4668-BE54-9A1E7A4F7556}") = "sol-dbaas-jit-functions", "..\sol-dbaas-jit-functions\sol-dbaas-jit-functions\sol-dbaas-jit-functions.csproj", "{3F1A3906-7B12-4E48-8BC9-3670FD473F77}"
EndProject
Project("{9A19103F-16F7-4668-BE54-9A1E7A4F7556}") = "sol-dbaas-jit-functions-backend", "..\sol-dbaas-jit-functions-backend\sol-dbaas-jit-functions-backend\sol-dbaas-jit-functions-backend.csproj", "{B107E5B9-979B-4A80-AA37-79AD5880ED9A}"
EndProject
Global
	GlobalSection(SolutionConfigurationPlatforms) = preSolution
		Debug|Any CPU = Debug|Any CPU
		Release|Any CPU = Release|Any CPU
	EndGlobalSection
	GlobalSection(ProjectConfigurationPlatforms) = postSolution
		{484C8CEB-358F-4BB4-B63F-371A4E219000}.Debug|Any CPU.ActiveCfg = Debug|Any CPU
		{484C8CEB-358F-4BB4-B63F-371A4E219000}.Debug|Any CPU.Build.0 = Debug|Any CPU
		{484C8CEB-358F-4BB4-B63F-371A4E219000}.Release|Any CPU.ActiveCfg = Release|Any CPU
		{484C8CEB-358F-4BB4-B63F-371A4E219000}.Release|Any CPU.Build.0 = Release|Any CPU
		{3F1A3906-7B12-4E48-8BC9-3670FD473F77}.Debug|Any CPU.ActiveCfg = Debug|Any CPU
		{3F1A3906-7B12-4E48-8BC9-3670FD473F77}.Debug|Any CPU.Build.0 = Debug|Any CPU
		{3F1A3906-7B12-4E48-8BC9-3670FD473F77}.Release|Any CPU.ActiveCfg = Release|Any CPU
		{3F1A3906-7B12-4E48-8BC9-3670FD473F77}.Release|Any CPU.Build.0 = Release|Any CPU
		{B107E5B9-979B-4A80-AA37-79AD5880ED9A}.Debug|Any CPU.ActiveCfg = Debug|Any CPU
		{B107E5B9-979B-4A80-AA37-79AD5880ED9A}.Debug|Any CPU.Build.0 = Debug|Any CPU
		{B107E5B9-979B-4A80-AA37-79AD5880ED9A}.Release|Any CPU.ActiveCfg = Release|Any CPU
		{B107E5B9-979B-4A80-AA37-79AD5880ED9A}.Release|Any CPU.Build.0 = Release|Any CPU
	EndGlobalSection
	GlobalSection(SolutionProperties) = preSolution
		HideSolutionNode = FALSE
	EndGlobalSection
	GlobalSection(ExtensibilityGlobals) = postSolution
		SolutionGuid = {CB35158A-D305-4638-9728-9C415026C8EE}
	EndGlobalSection
EndGlobal
