
Microsoft Visual Studio Solution File, Format Version 12.00
# Visual Studio Version 16
VisualStudioVersion = 16.0.29509.3
MinimumVisualStudioVersion = 10.0.40219.1
Project("{FAE04EC0-301F-11D3-BF4B-00C04F79EFBC}") = "sol-dbaas-jit-functions", "sol-dbaas-jit-functions\sol-dbaas-jit-functions.csproj", "{A3C547F5-C521-4730-832B-8BC7E7EE12CA}"
EndProject
Global
	GlobalSection(SolutionConfigurationPlatforms) = preSolution
		Debug|Any CPU = Debug|Any CPU
		Release|Any CPU = Release|Any CPU
	EndGlobalSection
	GlobalSection(ProjectConfigurationPlatforms) = postSolution
		{A3C547F5-C521-4730-832B-8BC7E7EE12CA}.Debug|Any CPU.ActiveCfg = Debug|Any CPU
		{A3C547F5-C521-4730-832B-8BC7E7EE12CA}.Debug|Any CPU.Build.0 = Debug|Any CPU
		{A3C547F5-C521-4730-832B-8BC7E7EE12CA}.Release|Any CPU.ActiveCfg = Release|Any CPU
		{A3C547F5-C521-4730-832B-8BC7E7EE12CA}.Release|Any CPU.Build.0 = Release|Any CPU
	EndGlobalSection
	GlobalSection(SolutionProperties) = preSolution
		HideSolutionNode = FALSE
	EndGlobalSection
	GlobalSection(ExtensibilityGlobals) = postSolution
		SolutionGuid = {AAA48268-7C46-4DD1-9D0A-A4F3345A25DC}
	EndGlobalSection
EndGlobal
